
Microsoft Visual Studio Solution File, Format Version 12.00
# Visual Studio Version 16
VisualStudioVersion = 16.0.31424.327
MinimumVisualStudioVersion = 10.0.40219.1
Project("{2150E333-8FDC-42A3-9474-1A3956D46DE8}") = "Auth", "Auth", "{E958AEC9-3138-40AB-B41B-995A186A02FC}"
EndProject
Project("{9A19103F-16F7-4668-BE54-9A1E7A4F7556}") = "CSProject.Auth", "CSProject.Auth\CSProject.Auth.csproj", "{7F95C146-2D6A-4848-9D72-ED3981A6EAC4}"
EndProject
Project("{2150E333-8FDC-42A3-9474-1A3956D46DE8}") = "Services", "Services", "{4B589555-0DA5-4576-9A70-7B2DBF2E962A}"
EndProject
Project("{2150E333-8FDC-42A3-9474-1A3956D46DE8}") = "Product", "Product", "{A05DF8FE-E629-4FFE-BE17-118595C2FC70}"
EndProject
Project("{9A19103F-16F7-4668-BE54-9A1E7A4F7556}") = "CSProject.Product.Api", "CSProject.Product.Api\CSProject.Product.Api.csproj", "{38931DED-DE27-4691-919F-12A985B5A340}"
EndProject
Project("{2150E333-8FDC-42A3-9474-1A3956D46DE8}") = "Common", "Common", "{B0DC8B30-8D4A-4222-B514-60156C6D2B6E}"
EndProject
Project("{9A19103F-16F7-4668-BE54-9A1E7A4F7556}") = "Infrastructure", "Infrastructure\Infrastructure.csproj", "{CFC1FA48-FB82-4692-8515-6B12D04EA5C5}"
EndProject
Project("{2150E333-8FDC-42A3-9474-1A3956D46DE8}") = "Gateway", "Gateway", "{E722292F-FC91-4AAE-AA52-72846898E57B}"
EndProject
Project("{9A19103F-16F7-4668-BE54-9A1E7A4F7556}") = "CSProject.Gateway.Api", "CSProject.Gateway.Api\CSProject.Gateway.Api.csproj", "{3CFB7B87-8094-42AC-A6EC-475F74D4642C}"
EndProject
Project("{E53339B2-1760-4266-BCC7-CA923CBCF16C}") = "docker-compose", "docker-compose.dcproj", "{004AE8EC-05B6-4ED5-B1F2-8162B893230E}"
EndProject
Project("{9A19103F-16F7-4668-BE54-9A1E7A4F7556}") = "CSProject.Product.Data", "CSProject.Product.Data\CSProject.Product.Data.csproj", "{D596566F-9619-4CEC-9D9C-EFF6A668DE61}"
EndProject
Project("{9A19103F-16F7-4668-BE54-9A1E7A4F7556}") = "CSProject.Product.Services", "CSProject.Product.Services\CSProject.Product.Services.csproj", "{5BF7B8D9-5A65-47A0-9F50-825E6DCC5DF8}"
EndProject
Project("{2150E333-8FDC-42A3-9474-1A3956D46DE8}") = "SeedData", "SeedData", "{5741293D-061C-41D7-B620-E3DEF1F73FC1}"
EndProject
Project("{9A19103F-16F7-4668-BE54-9A1E7A4F7556}") = "CSProject.SeedData", "CSProject.SeedData\CSProject.SeedData.csproj", "{D2C9F62B-66B8-49C7-9B39-4B6CF23975B5}"
EndProject
Project("{FAE04EC0-301F-11D3-BF4B-00C04F79EFBC}") = "CSProject.Dto", "CSProject.Dto\CSProject.Dto.csproj", "{7EBFE0D3-697A-4FD8-BA97-CCA4FB8B4BF8}"
EndProject
Global
	GlobalSection(SolutionConfigurationPlatforms) = preSolution
		Debug|Any CPU = Debug|Any CPU
		Release|Any CPU = Release|Any CPU
	EndGlobalSection
	GlobalSection(ProjectConfigurationPlatforms) = postSolution
		{7F95C146-2D6A-4848-9D72-ED3981A6EAC4}.Debug|Any CPU.ActiveCfg = Debug|Any CPU
		{7F95C146-2D6A-4848-9D72-ED3981A6EAC4}.Debug|Any CPU.Build.0 = Debug|Any CPU
		{7F95C146-2D6A-4848-9D72-ED3981A6EAC4}.Release|Any CPU.ActiveCfg = Release|Any CPU
		{7F95C146-2D6A-4848-9D72-ED3981A6EAC4}.Release|Any CPU.Build.0 = Release|Any CPU
		{38931DED-DE27-4691-919F-12A985B5A340}.Debug|Any CPU.ActiveCfg = Debug|Any CPU
		{38931DED-DE27-4691-919F-12A985B5A340}.Debug|Any CPU.Build.0 = Debug|Any CPU
		{38931DED-DE27-4691-919F-12A985B5A340}.Release|Any CPU.ActiveCfg = Release|Any CPU
		{38931DED-DE27-4691-919F-12A985B5A340}.Release|Any CPU.Build.0 = Release|Any CPU
		{CFC1FA48-FB82-4692-8515-6B12D04EA5C5}.Debug|Any CPU.ActiveCfg = Debug|Any CPU
		{CFC1FA48-FB82-4692-8515-6B12D04EA5C5}.Debug|Any CPU.Build.0 = Debug|Any CPU
		{CFC1FA48-FB82-4692-8515-6B12D04EA5C5}.Release|Any CPU.ActiveCfg = Release|Any CPU
		{CFC1FA48-FB82-4692-8515-6B12D04EA5C5}.Release|Any CPU.Build.0 = Release|Any CPU
		{3CFB7B87-8094-42AC-A6EC-475F74D4642C}.Debug|Any CPU.ActiveCfg = Debug|Any CPU
		{3CFB7B87-8094-42AC-A6EC-475F74D4642C}.Debug|Any CPU.Build.0 = Debug|Any CPU
		{3CFB7B87-8094-42AC-A6EC-475F74D4642C}.Release|Any CPU.ActiveCfg = Release|Any CPU
		{3CFB7B87-8094-42AC-A6EC-475F74D4642C}.Release|Any CPU.Build.0 = Release|Any CPU
		{004AE8EC-05B6-4ED5-B1F2-8162B893230E}.Debug|Any CPU.ActiveCfg = Debug|Any CPU
		{004AE8EC-05B6-4ED5-B1F2-8162B893230E}.Debug|Any CPU.Build.0 = Debug|Any CPU
		{004AE8EC-05B6-4ED5-B1F2-8162B893230E}.Release|Any CPU.ActiveCfg = Release|Any CPU
		{004AE8EC-05B6-4ED5-B1F2-8162B893230E}.Release|Any CPU.Build.0 = Release|Any CPU
		{D596566F-9619-4CEC-9D9C-EFF6A668DE61}.Debug|Any CPU.ActiveCfg = Debug|Any CPU
		{D596566F-9619-4CEC-9D9C-EFF6A668DE61}.Debug|Any CPU.Build.0 = Debug|Any CPU
		{D596566F-9619-4CEC-9D9C-EFF6A668DE61}.Release|Any CPU.ActiveCfg = Release|Any CPU
		{D596566F-9619-4CEC-9D9C-EFF6A668DE61}.Release|Any CPU.Build.0 = Release|Any CPU
		{5BF7B8D9-5A65-47A0-9F50-825E6DCC5DF8}.Debug|Any CPU.ActiveCfg = Debug|Any CPU
		{5BF7B8D9-5A65-47A0-9F50-825E6DCC5DF8}.Debug|Any CPU.Build.0 = Debug|Any CPU
		{5BF7B8D9-5A65-47A0-9F50-825E6DCC5DF8}.Release|Any CPU.ActiveCfg = Release|Any CPU
		{5BF7B8D9-5A65-47A0-9F50-825E6DCC5DF8}.Release|Any CPU.Build.0 = Release|Any CPU
		{D2C9F62B-66B8-49C7-9B39-4B6CF23975B5}.Debug|Any CPU.ActiveCfg = Debug|Any CPU
		{D2C9F62B-66B8-49C7-9B39-4B6CF23975B5}.Debug|Any CPU.Build.0 = Debug|Any CPU
		{D2C9F62B-66B8-49C7-9B39-4B6CF23975B5}.Release|Any CPU.ActiveCfg = Release|Any CPU
		{D2C9F62B-66B8-49C7-9B39-4B6CF23975B5}.Release|Any CPU.Build.0 = Release|Any CPU
		{7EBFE0D3-697A-4FD8-BA97-CCA4FB8B4BF8}.Debug|Any CPU.ActiveCfg = Debug|Any CPU
		{7EBFE0D3-697A-4FD8-BA97-CCA4FB8B4BF8}.Debug|Any CPU.Build.0 = Debug|Any CPU
		{7EBFE0D3-697A-4FD8-BA97-CCA4FB8B4BF8}.Release|Any CPU.ActiveCfg = Release|Any CPU
		{7EBFE0D3-697A-4FD8-BA97-CCA4FB8B4BF8}.Release|Any CPU.Build.0 = Release|Any CPU
	EndGlobalSection
	GlobalSection(SolutionProperties) = preSolution
		HideSolutionNode = FALSE
	EndGlobalSection
	GlobalSection(NestedProjects) = preSolution
		{7F95C146-2D6A-4848-9D72-ED3981A6EAC4} = {E958AEC9-3138-40AB-B41B-995A186A02FC}
		{A05DF8FE-E629-4FFE-BE17-118595C2FC70} = {4B589555-0DA5-4576-9A70-7B2DBF2E962A}
		{38931DED-DE27-4691-919F-12A985B5A340} = {A05DF8FE-E629-4FFE-BE17-118595C2FC70}
		{CFC1FA48-FB82-4692-8515-6B12D04EA5C5} = {B0DC8B30-8D4A-4222-B514-60156C6D2B6E}
		{E722292F-FC91-4AAE-AA52-72846898E57B} = {4B589555-0DA5-4576-9A70-7B2DBF2E962A}
		{3CFB7B87-8094-42AC-A6EC-475F74D4642C} = {E722292F-FC91-4AAE-AA52-72846898E57B}
		{D596566F-9619-4CEC-9D9C-EFF6A668DE61} = {A05DF8FE-E629-4FFE-BE17-118595C2FC70}
		{5BF7B8D9-5A65-47A0-9F50-825E6DCC5DF8} = {A05DF8FE-E629-4FFE-BE17-118595C2FC70}
		{5741293D-061C-41D7-B620-E3DEF1F73FC1} = {4B589555-0DA5-4576-9A70-7B2DBF2E962A}
		{D2C9F62B-66B8-49C7-9B39-4B6CF23975B5} = {5741293D-061C-41D7-B620-E3DEF1F73FC1}
		{7EBFE0D3-697A-4FD8-BA97-CCA4FB8B4BF8} = {B0DC8B30-8D4A-4222-B514-60156C6D2B6E}
	EndGlobalSection
	GlobalSection(ExtensibilityGlobals) = postSolution
		SolutionGuid = {8FC4CCB0-3DD3-429A-B0A4-EF7A3B7021C1}
	EndGlobalSection
EndGlobal
